// !$*UTF8*$!
{
	archiveVersion = 1;
	classes = {
	};
	objectVersion = 55;
	objects = {

/* Begin PBXBuildFile section */
		7C26FB5E27DA9F6100B874DE /* Model.xcdatamodeld in Sources */ = {isa = PBXBuildFile; fileRef = 7C26FB5C27DA9F6100B874DE /* Model.xcdatamodeld */; };
		7C26FB6227DAA01800B874DE /* UserDetailsViewController.swift in Sources */ = {isa = PBXBuildFile; fileRef = 7C26FB6127DAA01800B874DE /* UserDetailsViewController.swift */; };
		7C26FB6627DAA08500B874DE /* TransferMoneyViewController.swift in Sources */ = {isa = PBXBuildFile; fileRef = 7C26FB6527DAA08500B874DE /* TransferMoneyViewController.swift */; };
		7C2A134F27DAA13700255CFC /* UsersListViewController.swift in Sources */ = {isa = PBXBuildFile; fileRef = 7C2A134E27DAA13700255CFC /* UsersListViewController.swift */; };
		7C3F70CA27DE4BC9009D2FD7 /* Transfer+CoreDataClass.swift in Sources */ = {isa = PBXBuildFile; fileRef = 7C3F70C627DE4BC9009D2FD7 /* Transfer+CoreDataClass.swift */; };
		7C3F70CB27DE4BC9009D2FD7 /* Transfer+CoreDataProperties.swift in Sources */ = {isa = PBXBuildFile; fileRef = 7C3F70C727DE4BC9009D2FD7 /* Transfer+CoreDataProperties.swift */; };
		7C3F70CC27DE4BC9009D2FD7 /* User+CoreDataClass.swift in Sources */ = {isa = PBXBuildFile; fileRef = 7C3F70C827DE4BC9009D2FD7 /* User+CoreDataClass.swift */; };
		7C3F70CD27DE4BC9009D2FD7 /* User+CoreDataProperties.swift in Sources */ = {isa = PBXBuildFile; fileRef = 7C3F70C927DE4BC9009D2FD7 /* User+CoreDataProperties.swift */; };
		7C450ECB27DBF0CD0067AE8D /* CoreDataManager.swift in Sources */ = {isa = PBXBuildFile; fileRef = 7C450ECA27DBF0CD0067AE8D /* CoreDataManager.swift */; };
		7C450ECE27DBF1940067AE8D /* Constants.swift in Sources */ = {isa = PBXBuildFile; fileRef = 7C450ECD27DBF1940067AE8D /* Constants.swift */; };
		7C4C68B827DE3AD40063F442 /* UserDetailsPresenter.swift in Sources */ = {isa = PBXBuildFile; fileRef = 7C4C68B727DE3AD40063F442 /* UserDetailsPresenter.swift */; };
		7C69773327DCF44600377172 /* UsersPresenter.swift in Sources */ = {isa = PBXBuildFile; fileRef = 7C69773227DCF44600377172 /* UsersPresenter.swift */; };
		7C69773727DCF5F000377172 /* UserInfoTableViewCell.swift in Sources */ = {isa = PBXBuildFile; fileRef = 7C69773527DCF5F000377172 /* UserInfoTableViewCell.swift */; };
		7C69773827DCF5F000377172 /* UserInfoTableViewCell.xib in Resources */ = {isa = PBXBuildFile; fileRef = 7C69773627DCF5F000377172 /* UserInfoTableViewCell.xib */; };
		7CE9E07327D7F77C000A2630 /* AppDelegate.swift in Sources */ = {isa = PBXBuildFile; fileRef = 7CE9E07227D7F77C000A2630 /* AppDelegate.swift */; };
		7CE9E07527D7F77C000A2630 /* SceneDelegate.swift in Sources */ = {isa = PBXBuildFile; fileRef = 7CE9E07427D7F77C000A2630 /* SceneDelegate.swift */; };
		7CE9E07A27D7F77C000A2630 /* Main.storyboard in Resources */ = {isa = PBXBuildFile; fileRef = 7CE9E07827D7F77C000A2630 /* Main.storyboard */; };
		7CE9E07C27D7F77D000A2630 /* Assets.xcassets in Resources */ = {isa = PBXBuildFile; fileRef = 7CE9E07B27D7F77D000A2630 /* Assets.xcassets */; };
		7CE9E07F27D7F77D000A2630 /* LaunchScreen.storyboard in Resources */ = {isa = PBXBuildFile; fileRef = 7CE9E07D27D7F77D000A2630 /* LaunchScreen.storyboard */; };
/* End PBXBuildFile section */

/* Begin PBXFileReference section */
		7C26FB5D27DA9F6100B874DE /* Model.xcdatamodel */ = {isa = PBXFileReference; lastKnownFileType = wrapper.xcdatamodel; path = Model.xcdatamodel; sourceTree = "<group>"; };
		7C26FB6127DAA01800B874DE /* UserDetailsViewController.swift */ = {isa = PBXFileReference; lastKnownFileType = sourcecode.swift; path = UserDetailsViewController.swift; sourceTree = "<group>"; };
		7C26FB6527DAA08500B874DE /* TransferMoneyViewController.swift */ = {isa = PBXFileReference; lastKnownFileType = sourcecode.swift; path = TransferMoneyViewController.swift; sourceTree = "<group>"; };
		7C2A134E27DAA13700255CFC /* UsersListViewController.swift */ = {isa = PBXFileReference; lastKnownFileType = sourcecode.swift; path = UsersListViewController.swift; sourceTree = "<group>"; };
		7C3F70C627DE4BC9009D2FD7 /* Transfer+CoreDataClass.swift */ = {isa = PBXFileReference; lastKnownFileType = sourcecode.swift; path = "Transfer+CoreDataClass.swift"; sourceTree = "<group>"; };
		7C3F70C727DE4BC9009D2FD7 /* Transfer+CoreDataProperties.swift */ = {isa = PBXFileReference; lastKnownFileType = sourcecode.swift; path = "Transfer+CoreDataProperties.swift"; sourceTree = "<group>"; };
		7C3F70C827DE4BC9009D2FD7 /* User+CoreDataClass.swift */ = {isa = PBXFileReference; lastKnownFileType = sourcecode.swift; path = "User+CoreDataClass.swift"; sourceTree = "<group>"; };
		7C3F70C927DE4BC9009D2FD7 /* User+CoreDataProperties.swift */ = {isa = PBXFileReference; lastKnownFileType = sourcecode.swift; path = "User+CoreDataProperties.swift"; sourceTree = "<group>"; };
		7C450ECA27DBF0CD0067AE8D /* CoreDataManager.swift */ = {isa = PBXFileReference; lastKnownFileType = sourcecode.swift; path = CoreDataManager.swift; sourceTree = "<group>"; };
		7C450ECD27DBF1940067AE8D /* Constants.swift */ = {isa = PBXFileReference; lastKnownFileType = sourcecode.swift; path = Constants.swift; sourceTree = "<group>"; };
		7C4C68B727DE3AD40063F442 /* UserDetailsPresenter.swift */ = {isa = PBXFileReference; lastKnownFileType = sourcecode.swift; path = UserDetailsPresenter.swift; sourceTree = "<group>"; };
		7C69773227DCF44600377172 /* UsersPresenter.swift */ = {isa = PBXFileReference; lastKnownFileType = sourcecode.swift; path = UsersPresenter.swift; sourceTree = "<group>"; };
		7C69773527DCF5F000377172 /* UserInfoTableViewCell.swift */ = {isa = PBXFileReference; lastKnownFileType = sourcecode.swift; path = UserInfoTableViewCell.swift; sourceTree = "<group>"; };
		7C69773627DCF5F000377172 /* UserInfoTableViewCell.xib */ = {isa = PBXFileReference; lastKnownFileType = file.xib; path = UserInfoTableViewCell.xib; sourceTree = "<group>"; };
		7CE9E06F27D7F77C000A2630 /* GRIP-Task1.app */ = {isa = PBXFileReference; explicitFileType = wrapper.application; includeInIndex = 0; path = "GRIP-Task1.app"; sourceTree = BUILT_PRODUCTS_DIR; };
		7CE9E07227D7F77C000A2630 /* AppDelegate.swift */ = {isa = PBXFileReference; lastKnownFileType = sourcecode.swift; path = AppDelegate.swift; sourceTree = "<group>"; };
		7CE9E07427D7F77C000A2630 /* SceneDelegate.swift */ = {isa = PBXFileReference; lastKnownFileType = sourcecode.swift; path = SceneDelegate.swift; sourceTree = "<group>"; };
		7CE9E07927D7F77C000A2630 /* Base */ = {isa = PBXFileReference; lastKnownFileType = file.storyboard; name = Base; path = Base.lproj/Main.storyboard; sourceTree = "<group>"; };
		7CE9E07B27D7F77D000A2630 /* Assets.xcassets */ = {isa = PBXFileReference; lastKnownFileType = folder.assetcatalog; path = Assets.xcassets; sourceTree = "<group>"; };
		7CE9E07E27D7F77D000A2630 /* Base */ = {isa = PBXFileReference; lastKnownFileType = file.storyboard; name = Base; path = Base.lproj/LaunchScreen.storyboard; sourceTree = "<group>"; };
		7CE9E08027D7F77D000A2630 /* Info.plist */ = {isa = PBXFileReference; lastKnownFileType = text.plist.xml; path = Info.plist; sourceTree = "<group>"; };
/* End PBXFileReference section */

/* Begin PBXFrameworksBuildPhase section */
		7CE9E06C27D7F77C000A2630 /* Frameworks */ = {
			isa = PBXFrameworksBuildPhase;
			buildActionMask = 2147483647;
			files = (
			);
			runOnlyForDeploymentPostprocessing = 0;
		};
/* End PBXFrameworksBuildPhase section */

/* Begin PBXGroup section */
		7C26FB5B27DA9F4500B874DE /* Database */ = {
			isa = PBXGroup;
			children = (
				7C450ECA27DBF0CD0067AE8D /* CoreDataManager.swift */,
				7C26FB5C27DA9F6100B874DE /* Model.xcdatamodeld */,
			);
			path = Database;
			sourceTree = "<group>";
		};
		7C26FB5F27DAA00500B874DE /* UsersList */ = {
			isa = PBXGroup;
			children = (
				7C2A134E27DAA13700255CFC /* UsersListViewController.swift */,
				7C69773227DCF44600377172 /* UsersPresenter.swift */,
			);
			path = UsersList;
			sourceTree = "<group>";
		};
		7C26FB6027DAA00C00B874DE /* UserDetails */ = {
			isa = PBXGroup;
			children = (
				7C26FB6127DAA01800B874DE /* UserDetailsViewController.swift */,
				7C4C68B727DE3AD40063F442 /* UserDetailsPresenter.swift */,
			);
			path = UserDetails;
			sourceTree = "<group>";
		};
		7C26FB6327DAA05F00B874DE /* TransferMoney */ = {
			isa = PBXGroup;
			children = (
				7C26FB6527DAA08500B874DE /* TransferMoneyViewController.swift */,
			);
			path = TransferMoney;
			sourceTree = "<group>";
		};
		7C26FB6427DAA07700B874DE /* TransferHistory */ = {
			isa = PBXGroup;
			children = (
			);
			path = TransferHistory;
			sourceTree = "<group>";
		};
		7C3F70C527DE4B84009D2FD7 /* Models */ = {
			isa = PBXGroup;
			children = (
				7C3F70C627DE4BC9009D2FD7 /* Transfer+CoreDataClass.swift */,
				7C3F70C727DE4BC9009D2FD7 /* Transfer+CoreDataProperties.swift */,
				7C3F70C827DE4BC9009D2FD7 /* User+CoreDataClass.swift */,
				7C3F70C927DE4BC9009D2FD7 /* User+CoreDataProperties.swift */,
			);
			path = Models;
			sourceTree = "<group>";
		};
		7C450EC827DBF0BB0067AE8D /* Services */ = {
			isa = PBXGroup;
			children = (
				7C26FB5B27DA9F4500B874DE /* Database */,
			);
			path = Services;
			sourceTree = "<group>";
		};
		7C450ECC27DBF18C0067AE8D /* Utilities */ = {
			isa = PBXGroup;
			children = (
				7C450ECD27DBF1940067AE8D /* Constants.swift */,
			);
			path = Utilities;
			sourceTree = "<group>";
		};
		7C69773427DCF5D900377172 /* UserCell */ = {
			isa = PBXGroup;
			children = (
				7C69773527DCF5F000377172 /* UserInfoTableViewCell.swift */,
				7C69773627DCF5F000377172 /* UserInfoTableViewCell.xib */,
			);
			path = UserCell;
			sourceTree = "<group>";
		};
		7CE9E06627D7F77C000A2630 = {
			isa = PBXGroup;
			children = (
				7CE9E07127D7F77C000A2630 /* GRIP-Task1 */,
				7CE9E07027D7F77C000A2630 /* Products */,
			);
			sourceTree = "<group>";
		};
		7CE9E07027D7F77C000A2630 /* Products */ = {
			isa = PBXGroup;
			children = (
				7CE9E06F27D7F77C000A2630 /* GRIP-Task1.app */,
			);
			name = Products;
			sourceTree = "<group>";
		};
		7CE9E07127D7F77C000A2630 /* GRIP-Task1 */ = {
			isa = PBXGroup;
			children = (
				7C3F70C527DE4B84009D2FD7 /* Models */,
				7C450ECC27DBF18C0067AE8D /* Utilities */,
				7C450EC827DBF0BB0067AE8D /* Services */,
				7CE9E08627D7F7B2000A2630 /* Scenes */,
				7CE9E07827D7F77C000A2630 /* Main.storyboard */,
				7CE9E07D27D7F77D000A2630 /* LaunchScreen.storyboard */,
				7CE9E08727D7F7BC000A2630 /* Core */,
				7CE9E08827D7F7C8000A2630 /* Assets */,
				7CE9E08027D7F77D000A2630 /* Info.plist */,
			);
			path = "GRIP-Task1";
			sourceTree = "<group>";
		};
		7CE9E08627D7F7B2000A2630 /* Scenes */ = {
			isa = PBXGroup;
			children = (
				7C69773427DCF5D900377172 /* UserCell */,
				7C26FB6427DAA07700B874DE /* TransferHistory */,
				7C26FB6327DAA05F00B874DE /* TransferMoney */,
				7C26FB6027DAA00C00B874DE /* UserDetails */,
				7C26FB5F27DAA00500B874DE /* UsersList */,
			);
			path = Scenes;
			sourceTree = "<group>";
		};
		7CE9E08727D7F7BC000A2630 /* Core */ = {
			isa = PBXGroup;
			children = (
				7CE9E07427D7F77C000A2630 /* SceneDelegate.swift */,
				7CE9E07227D7F77C000A2630 /* AppDelegate.swift */,
			);
			path = Core;
			sourceTree = "<group>";
		};
		7CE9E08827D7F7C8000A2630 /* Assets */ = {
			isa = PBXGroup;
			children = (
				7CE9E07B27D7F77D000A2630 /* Assets.xcassets */,
			);
			path = Assets;
			sourceTree = "<group>";
		};
/* End PBXGroup section */

/* Begin PBXNativeTarget section */
		7CE9E06E27D7F77C000A2630 /* GRIP-Task1 */ = {
			isa = PBXNativeTarget;
			buildConfigurationList = 7CE9E08327D7F77D000A2630 /* Build configuration list for PBXNativeTarget "GRIP-Task1" */;
			buildPhases = (
				7CE9E06B27D7F77C000A2630 /* Sources */,
				7CE9E06C27D7F77C000A2630 /* Frameworks */,
				7CE9E06D27D7F77C000A2630 /* Resources */,
			);
			buildRules = (
			);
			dependencies = (
			);
			name = "GRIP-Task1";
			productName = "GRIP-Task1";
			productReference = 7CE9E06F27D7F77C000A2630 /* GRIP-Task1.app */;
			productType = "com.apple.product-type.application";
		};
/* End PBXNativeTarget section */

/* Begin PBXProject section */
		7CE9E06727D7F77C000A2630 /* Project object */ = {
			isa = PBXProject;
			attributes = {
				BuildIndependentTargetsInParallel = 1;
				LastSwiftUpdateCheck = 1320;
				LastUpgradeCheck = 1320;
				TargetAttributes = {
					7CE9E06E27D7F77C000A2630 = {
						CreatedOnToolsVersion = 13.2.1;
					};
				};
			};
			buildConfigurationList = 7CE9E06A27D7F77C000A2630 /* Build configuration list for PBXProject "GRIP-Task1" */;
			compatibilityVersion = "Xcode 13.0";
			developmentRegion = en;
			hasScannedForEncodings = 0;
			knownRegions = (
				en,
				Base,
			);
			mainGroup = 7CE9E06627D7F77C000A2630;
			productRefGroup = 7CE9E07027D7F77C000A2630 /* Products */;
			projectDirPath = "";
			projectRoot = "";
			targets = (
				7CE9E06E27D7F77C000A2630 /* GRIP-Task1 */,
			);
		};
/* End PBXProject section */

/* Begin PBXResourcesBuildPhase section */
		7CE9E06D27D7F77C000A2630 /* Resources */ = {
			isa = PBXResourcesBuildPhase;
			buildActionMask = 2147483647;
			files = (
				7C69773827DCF5F000377172 /* UserInfoTableViewCell.xib in Resources */,
				7CE9E07F27D7F77D000A2630 /* LaunchScreen.storyboard in Resources */,
				7CE9E07C27D7F77D000A2630 /* Assets.xcassets in Resources */,
				7CE9E07A27D7F77C000A2630 /* Main.storyboard in Resources */,
			);
			runOnlyForDeploymentPostprocessing = 0;
		};
/* End PBXResourcesBuildPhase section */

/* Begin PBXSourcesBuildPhase section */
		7CE9E06B27D7F77C000A2630 /* Sources */ = {
			isa = PBXSourcesBuildPhase;
			buildActionMask = 2147483647;
			files = (
				7C69773727DCF5F000377172 /* UserInfoTableViewCell.swift in Sources */,
				7C26FB6227DAA01800B874DE /* UserDetailsViewController.swift in Sources */,
				7C26FB6627DAA08500B874DE /* TransferMoneyViewController.swift in Sources */,
				7C4C68B827DE3AD40063F442 /* UserDetailsPresenter.swift in Sources */,
				7C3F70CA27DE4BC9009D2FD7 /* Transfer+CoreDataClass.swift in Sources */,
				7C69773327DCF44600377172 /* UsersPresenter.swift in Sources */,
				7C3F70CC27DE4BC9009D2FD7 /* User+CoreDataClass.swift in Sources */,
				7CE9E07327D7F77C000A2630 /* AppDelegate.swift in Sources */,
				7C3F70CD27DE4BC9009D2FD7 /* User+CoreDataProperties.swift in Sources */,
				7CE9E07527D7F77C000A2630 /* SceneDelegate.swift in Sources */,
				7C26FB5E27DA9F6100B874DE /* Model.xcdatamodeld in Sources */,
				7C450ECB27DBF0CD0067AE8D /* CoreDataManager.swift in Sources */,
				7C3F70CB27DE4BC9009D2FD7 /* Transfer+CoreDataProperties.swift in Sources */,
				7C2A134F27DAA13700255CFC /* UsersListViewController.swift in Sources */,
				7C450ECE27DBF1940067AE8D /* Constants.swift in Sources */,
			);
			runOnlyForDeploymentPostprocessing = 0;
		};
/* End PBXSourcesBuildPhase section */

/* Begin PBXVariantGroup section */
		7CE9E07827D7F77C000A2630 /* Main.storyboard */ = {
			isa = PBXVariantGroup;
			children = (
				7CE9E07927D7F77C000A2630 /* Base */,
			);
			name = Main.storyboard;
			sourceTree = "<group>";
		};
		7CE9E07D27D7F77D000A2630 /* LaunchScreen.storyboard */ = {
			isa = PBXVariantGroup;
			children = (
				7CE9E07E27D7F77D000A2630 /* Base */,
			);
			name = LaunchScreen.storyboard;
			sourceTree = "<group>";
		};
/* End PBXVariantGroup section */

/* Begin XCBuildConfiguration section */
		7CE9E08127D7F77D000A2630 /* Debug */ = {
			isa = XCBuildConfiguration;
			buildSettings = {
				ALWAYS_SEARCH_USER_PATHS = NO;
				CLANG_ANALYZER_NONNULL = YES;
				CLANG_ANALYZER_NUMBER_OBJECT_CONVERSION = YES_AGGRESSIVE;
				CLANG_CXX_LANGUAGE_STANDARD = "gnu++17";
				CLANG_CXX_LIBRARY = "libc++";
				CLANG_ENABLE_MODULES = YES;
				CLANG_ENABLE_OBJC_ARC = YES;
				CLANG_ENABLE_OBJC_WEAK = YES;
				CLANG_WARN_BLOCK_CAPTURE_AUTORELEASING = YES;
				CLANG_WARN_BOOL_CONVERSION = YES;
				CLANG_WARN_COMMA = YES;
				CLANG_WARN_CONSTANT_CONVERSION = YES;
				CLANG_WARN_DEPRECATED_OBJC_IMPLEMENTATIONS = YES;
				CLANG_WARN_DIRECT_OBJC_ISA_USAGE = YES_ERROR;
				CLANG_WARN_DOCUMENTATION_COMMENTS = YES;
				CLANG_WARN_EMPTY_BODY = YES;
				CLANG_WARN_ENUM_CONVERSION = YES;
				CLANG_WARN_INFINITE_RECURSION = YES;
				CLANG_WARN_INT_CONVERSION = YES;
				CLANG_WARN_NON_LITERAL_NULL_CONVERSION = YES;
				CLANG_WARN_OBJC_IMPLICIT_RETAIN_SELF = YES;
				CLANG_WARN_OBJC_LITERAL_CONVERSION = YES;
				CLANG_WARN_OBJC_ROOT_CLASS = YES_ERROR;
				CLANG_WARN_QUOTED_INCLUDE_IN_FRAMEWORK_HEADER = YES;
				CLANG_WARN_RANGE_LOOP_ANALYSIS = YES;
				CLANG_WARN_STRICT_PROTOTYPES = YES;
				CLANG_WARN_SUSPICIOUS_MOVE = YES;
				CLANG_WARN_UNGUARDED_AVAILABILITY = YES_AGGRESSIVE;
				CLANG_WARN_UNREACHABLE_CODE = YES;
				CLANG_WARN__DUPLICATE_METHOD_MATCH = YES;
				COPY_PHASE_STRIP = NO;
				DEBUG_INFORMATION_FORMAT = dwarf;
				ENABLE_STRICT_OBJC_MSGSEND = YES;
				ENABLE_TESTABILITY = YES;
				GCC_C_LANGUAGE_STANDARD = gnu11;
				GCC_DYNAMIC_NO_PIC = NO;
				GCC_NO_COMMON_BLOCKS = YES;
				GCC_OPTIMIZATION_LEVEL = 0;
				GCC_PREPROCESSOR_DEFINITIONS = (
					"DEBUG=1",
					"$(inherited)",
				);
				GCC_WARN_64_TO_32_BIT_CONVERSION = YES;
				GCC_WARN_ABOUT_RETURN_TYPE = YES_ERROR;
				GCC_WARN_UNDECLARED_SELECTOR = YES;
				GCC_WARN_UNINITIALIZED_AUTOS = YES_AGGRESSIVE;
				GCC_WARN_UNUSED_FUNCTION = YES;
				GCC_WARN_UNUSED_VARIABLE = YES;
				IPHONEOS_DEPLOYMENT_TARGET = 15.2;
				MTL_ENABLE_DEBUG_INFO = INCLUDE_SOURCE;
				MTL_FAST_MATH = YES;
				ONLY_ACTIVE_ARCH = YES;
				SDKROOT = iphoneos;
				SWIFT_ACTIVE_COMPILATION_CONDITIONS = DEBUG;
				SWIFT_OPTIMIZATION_LEVEL = "-Onone";
			};
			name = Debug;
		};
		7CE9E08227D7F77D000A2630 /* Release */ = {
			isa = XCBuildConfiguration;
			buildSettings = {
				ALWAYS_SEARCH_USER_PATHS = NO;
				CLANG_ANALYZER_NONNULL = YES;
				CLANG_ANALYZER_NUMBER_OBJECT_CONVERSION = YES_AGGRESSIVE;
				CLANG_CXX_LANGUAGE_STANDARD = "gnu++17";
				CLANG_CXX_LIBRARY = "libc++";
				CLANG_ENABLE_MODULES = YES;
				CLANG_ENABLE_OBJC_ARC = YES;
				CLANG_ENABLE_OBJC_WEAK = YES;
				CLANG_WARN_BLOCK_CAPTURE_AUTORELEASING = YES;
				CLANG_WARN_BOOL_CONVERSION = YES;
				CLANG_WARN_COMMA = YES;
				CLANG_WARN_CONSTANT_CONVERSION = YES;
				CLANG_WARN_DEPRECATED_OBJC_IMPLEMENTATIONS = YES;
				CLANG_WARN_DIRECT_OBJC_ISA_USAGE = YES_ERROR;
				CLANG_WARN_DOCUMENTATION_COMMENTS = YES;
				CLANG_WARN_EMPTY_BODY = YES;
				CLANG_WARN_ENUM_CONVERSION = YES;
				CLANG_WARN_INFINITE_RECURSION = YES;
				CLANG_WARN_INT_CONVERSION = YES;
				CLANG_WARN_NON_LITERAL_NULL_CONVERSION = YES;
				CLANG_WARN_OBJC_IMPLICIT_RETAIN_SELF = YES;
				CLANG_WARN_OBJC_LITERAL_CONVERSION = YES;
				CLANG_WARN_OBJC_ROOT_CLASS = YES_ERROR;
				CLANG_WARN_QUOTED_INCLUDE_IN_FRAMEWORK_HEADER = YES;
				CLANG_WARN_RANGE_LOOP_ANALYSIS = YES;
				CLANG_WARN_STRICT_PROTOTYPES = YES;
				CLANG_WARN_SUSPICIOUS_MOVE = YES;
				CLANG_WARN_UNGUARDED_AVAILABILITY = YES_AGGRESSIVE;
				CLANG_WARN_UNREACHABLE_CODE = YES;
				CLANG_WARN__DUPLICATE_METHOD_MATCH = YES;
				COPY_PHASE_STRIP = NO;
				DEBUG_INFORMATION_FORMAT = "dwarf-with-dsym";
				ENABLE_NS_ASSERTIONS = NO;
				ENABLE_STRICT_OBJC_MSGSEND = YES;
				GCC_C_LANGUAGE_STANDARD = gnu11;
				GCC_NO_COMMON_BLOCKS = YES;
				GCC_WARN_64_TO_32_BIT_CONVERSION = YES;
				GCC_WARN_ABOUT_RETURN_TYPE = YES_ERROR;
				GCC_WARN_UNDECLARED_SELECTOR = YES;
				GCC_WARN_UNINITIALIZED_AUTOS = YES_AGGRESSIVE;
				GCC_WARN_UNUSED_FUNCTION = YES;
				GCC_WARN_UNUSED_VARIABLE = YES;
				IPHONEOS_DEPLOYMENT_TARGET = 15.2;
				MTL_ENABLE_DEBUG_INFO = NO;
				MTL_FAST_MATH = YES;
				SDKROOT = iphoneos;
				SWIFT_COMPILATION_MODE = wholemodule;
				SWIFT_OPTIMIZATION_LEVEL = "-O";
				VALIDATE_PRODUCT = YES;
			};
			name = Release;
		};
		7CE9E08427D7F77D000A2630 /* Debug */ = {
			isa = XCBuildConfiguration;
			buildSettings = {
				ASSETCATALOG_COMPILER_APPICON_NAME = AppIcon;
				ASSETCATALOG_COMPILER_GLOBAL_ACCENT_COLOR_NAME = AccentColor;
				CODE_SIGN_STYLE = Automatic;
				CURRENT_PROJECT_VERSION = 1;
				DEVELOPMENT_TEAM = NF6L68DRU6;
				GENERATE_INFOPLIST_FILE = YES;
				INFOPLIST_FILE = "GRIP-Task1/Info.plist";
				INFOPLIST_KEY_UIApplicationSupportsIndirectInputEvents = YES;
				INFOPLIST_KEY_UILaunchStoryboardName = LaunchScreen;
				INFOPLIST_KEY_UIMainStoryboardFile = Main;
				INFOPLIST_KEY_UISupportedInterfaceOrientations_iPad = "UIInterfaceOrientationPortrait UIInterfaceOrientationPortraitUpsideDown UIInterfaceOrientationLandscapeLeft UIInterfaceOrientationLandscapeRight";
				INFOPLIST_KEY_UISupportedInterfaceOrientations_iPhone = "UIInterfaceOrientationPortrait UIInterfaceOrientationLandscapeLeft UIInterfaceOrientationLandscapeRight";
				LD_RUNPATH_SEARCH_PATHS = (
					"$(inherited)",
					"@executable_path/Frameworks",
				);
				MARKETING_VERSION = 1.0;
				PRODUCT_BUNDLE_IDENTIFIER = "iNoor.GRIP-Task1";
				PRODUCT_NAME = "$(TARGET_NAME)";
				SWIFT_EMIT_LOC_STRINGS = YES;
				SWIFT_VERSION = 5.0;
				TARGETED_DEVICE_FAMILY = "1,2";
			};
			name = Debug;
		};
		7CE9E08527D7F77D000A2630 /* Release */ = {
			isa = XCBuildConfiguration;
			buildSettings = {
				ASSETCATALOG_COMPILER_APPICON_NAME = AppIcon;
				ASSETCATALOG_COMPILER_GLOBAL_ACCENT_COLOR_NAME = AccentColor;
				CODE_SIGN_STYLE = Automatic;
				CURRENT_PROJECT_VERSION = 1;
				DEVELOPMENT_TEAM = NF6L68DRU6;
				GENERATE_INFOPLIST_FILE = YES;
				INFOPLIST_FILE = "GRIP-Task1/Info.plist";
				INFOPLIST_KEY_UIApplicationSupportsIndirectInputEvents = YES;
				INFOPLIST_KEY_UILaunchStoryboardName = LaunchScreen;
				INFOPLIST_KEY_UIMainStoryboardFile = Main;
				INFOPLIST_KEY_UISupportedInterfaceOrientations_iPad = "UIInterfaceOrientationPortrait UIInterfaceOrientationPortraitUpsideDown UIInterfaceOrientationLandscapeLeft UIInterfaceOrientationLandscapeRight";
				INFOPLIST_KEY_UISupportedInterfaceOrientations_iPhone = "UIInterfaceOrientationPortrait UIInterfaceOrientationLandscapeLeft UIInterfaceOrientationLandscapeRight";
				LD_RUNPATH_SEARCH_PATHS = (
					"$(inherited)",
					"@executable_path/Frameworks",
				);
				MARKETING_VERSION = 1.0;
				PRODUCT_BUNDLE_IDENTIFIER = "iNoor.GRIP-Task1";
				PRODUCT_NAME = "$(TARGET_NAME)";
				SWIFT_EMIT_LOC_STRINGS = YES;
				SWIFT_VERSION = 5.0;
				TARGETED_DEVICE_FAMILY = "1,2";
			};
			name = Release;
		};
/* End XCBuildConfiguration section */

/* Begin XCConfigurationList section */
		7CE9E06A27D7F77C000A2630 /* Build configuration list for PBXProject "GRIP-Task1" */ = {
			isa = XCConfigurationList;
			buildConfigurations = (
				7CE9E08127D7F77D000A2630 /* Debug */,
				7CE9E08227D7F77D000A2630 /* Release */,
			);
			defaultConfigurationIsVisible = 0;
			defaultConfigurationName = Release;
		};
		7CE9E08327D7F77D000A2630 /* Build configuration list for PBXNativeTarget "GRIP-Task1" */ = {
			isa = XCConfigurationList;
			buildConfigurations = (
				7CE9E08427D7F77D000A2630 /* Debug */,
				7CE9E08527D7F77D000A2630 /* Release */,
			);
			defaultConfigurationIsVisible = 0;
			defaultConfigurationName = Release;
		};
/* End XCConfigurationList section */

/* Begin XCVersionGroup section */
		7C26FB5C27DA9F6100B874DE /* Model.xcdatamodeld */ = {
			isa = XCVersionGroup;
			children = (
				7C26FB5D27DA9F6100B874DE /* Model.xcdatamodel */,
			);
			currentVersion = 7C26FB5D27DA9F6100B874DE /* Model.xcdatamodel */;
			path = Model.xcdatamodeld;
			sourceTree = "<group>";
			versionGroupType = wrapper.xcdatamodel;
		};
/* End XCVersionGroup section */
	};
	rootObject = 7CE9E06727D7F77C000A2630 /* Project object */;
}
